
Microsoft Visual Studio Solution File, Format Version 12.00
# Visual Studio Version 16
VisualStudioVersion = 16.0.30104.148
MinimumVisualStudioVersion = 10.0.40219.1
Project("{FAE04EC0-301F-11D3-BF4B-00C04F79EFBC}") = "CAIM", "CAIM.csproj", "{D28E1C7E-8CAA-4B64-84B6-B4C643AD7401}"
EndProject
Global
	GlobalSection(SolutionConfigurationPlatforms) = preSolution
		Debug|Any CPU = Debug|Any CPU
		Release|Any CPU = Release|Any CPU
	EndGlobalSection
	GlobalSection(ProjectConfigurationPlatforms) = postSolution
		{D28E1C7E-8CAA-4B64-84B6-B4C643AD7401}.Debug|Any CPU.ActiveCfg = Debug|Any CPU
		{D28E1C7E-8CAA-4B64-84B6-B4C643AD7401}.Debug|Any CPU.Build.0 = Debug|Any CPU
		{D28E1C7E-8CAA-4B64-84B6-B4C643AD7401}.Release|Any CPU.ActiveCfg = Release|Any CPU
		{D28E1C7E-8CAA-4B64-84B6-B4C643AD7401}.Release|Any CPU.Build.0 = Release|Any CPU
	EndGlobalSection
	GlobalSection(SolutionProperties) = preSolution
		HideSolutionNode = FALSE
	EndGlobalSection
	GlobalSection(ExtensibilityGlobals) = postSolution
		SolutionGuid = {E9AD33E9-BBDB-43CA-A703-AF20767354B9}
	EndGlobalSection
EndGlobal
